
Microsoft Visual Studio Solution File, Format Version 12.00
# Visual Studio Version 16
VisualStudioVersion = 16.0.29613.14
MinimumVisualStudioVersion = 10.0.40219.1
Project("{9A19103F-16F7-4668-BE54-9A1E7A4F7556}") = "Curso.Language", "src\Curso.Language\Curso.Language.csproj", "{7E4763E8-99A0-47D1-9BD3-4F885EDC594E}"
EndProject
Project("{9A19103F-16F7-4668-BE54-9A1E7A4F7556}") = "Curso.OOP", "src\Curso.OOP\Curso.OOP.csproj", "{A64043D7-5FE3-4A3B-B6FF-417587046B11}"
EndProject
Global
	GlobalSection(SolutionConfigurationPlatforms) = preSolution
		Debug|Any CPU = Debug|Any CPU
		Release|Any CPU = Release|Any CPU
	EndGlobalSection
	GlobalSection(ProjectConfigurationPlatforms) = postSolution
		{7E4763E8-99A0-47D1-9BD3-4F885EDC594E}.Debug|Any CPU.ActiveCfg = Debug|Any CPU
		{7E4763E8-99A0-47D1-9BD3-4F885EDC594E}.Debug|Any CPU.Build.0 = Debug|Any CPU
		{7E4763E8-99A0-47D1-9BD3-4F885EDC594E}.Release|Any CPU.ActiveCfg = Release|Any CPU
		{7E4763E8-99A0-47D1-9BD3-4F885EDC594E}.Release|Any CPU.Build.0 = Release|Any CPU
		{A64043D7-5FE3-4A3B-B6FF-417587046B11}.Debug|Any CPU.ActiveCfg = Debug|Any CPU
		{A64043D7-5FE3-4A3B-B6FF-417587046B11}.Debug|Any CPU.Build.0 = Debug|Any CPU
		{A64043D7-5FE3-4A3B-B6FF-417587046B11}.Release|Any CPU.ActiveCfg = Release|Any CPU
		{A64043D7-5FE3-4A3B-B6FF-417587046B11}.Release|Any CPU.Build.0 = Release|Any CPU
	EndGlobalSection
	GlobalSection(SolutionProperties) = preSolution
		HideSolutionNode = FALSE
	EndGlobalSection
	GlobalSection(ExtensibilityGlobals) = postSolution
		SolutionGuid = {1FA024B1-29FF-4D79-BF3A-D285DABBDBCC}
	EndGlobalSection
EndGlobal
